
Microsoft Visual Studio Solution File, Format Version 12.00
# Visual Studio Version 17
VisualStudioVersion = 17.5.002.0
MinimumVisualStudioVersion = 10.0.40219.1
Project("{9A19103F-16F7-4668-BE54-9A1E7A4F7556}") = "HelloWorld", "HelloWorld.csproj", "{E20ECA66-EE2F-4493-A782-7094EB8B607C}"
EndProject
Global
	GlobalSection(SolutionConfigurationPlatforms) = preSolution
		Debug|Any CPU = Debug|Any CPU
		Release|Any CPU = Release|Any CPU
	EndGlobalSection
	GlobalSection(ProjectConfigurationPlatforms) = postSolution
		{E20ECA66-EE2F-4493-A782-7094EB8B607C}.Debug|Any CPU.ActiveCfg = Debug|Any CPU
		{E20ECA66-EE2F-4493-A782-7094EB8B607C}.Debug|Any CPU.Build.0 = Debug|Any CPU
		{E20ECA66-EE2F-4493-A782-7094EB8B607C}.Release|Any CPU.ActiveCfg = Release|Any CPU
		{E20ECA66-EE2F-4493-A782-7094EB8B607C}.Release|Any CPU.Build.0 = Release|Any CPU
	EndGlobalSection
	GlobalSection(SolutionProperties) = preSolution
		HideSolutionNode = FALSE
	EndGlobalSection
	GlobalSection(ExtensibilityGlobals) = postSolution
		SolutionGuid = {FF7598B5-6929-4A76-B78D-5FF1C706945C}
	EndGlobalSection
EndGlobal
